
Microsoft Visual Studio Solution File, Format Version 12.00
# Visual Studio 2012
Project("{FAE04EC0-301F-11D3-BF4B-00C04F79EFBC}") = "Delegatefactory", "Delegatefactory\Delegatefactory.csproj", "{35A01D87-07FE-43F8-8A26-65461B9E7A56}"
EndProject
Project("{FAE04EC0-301F-11D3-BF4B-00C04F79EFBC}") = "DelegateFactoryRuntime", "DelegateFactoryRuntime\DelegateFactoryRuntime.csproj", "{218C9D31-D82A-424A-B2B6-B0514458A66B}"
EndProject
Global
	GlobalSection(SolutionConfigurationPlatforms) = preSolution
		Debug|Any CPU = Debug|Any CPU
		Release|Any CPU = Release|Any CPU
	EndGlobalSection
	GlobalSection(ProjectConfigurationPlatforms) = postSolution
		{35A01D87-07FE-43F8-8A26-65461B9E7A56}.Debug|Any CPU.ActiveCfg = Debug|Any CPU
		{35A01D87-07FE-43F8-8A26-65461B9E7A56}.Debug|Any CPU.Build.0 = Debug|Any CPU
		{35A01D87-07FE-43F8-8A26-65461B9E7A56}.Release|Any CPU.ActiveCfg = Release|Any CPU
		{35A01D87-07FE-43F8-8A26-65461B9E7A56}.Release|Any CPU.Build.0 = Release|Any CPU
		{218C9D31-D82A-424A-B2B6-B0514458A66B}.Debug|Any CPU.ActiveCfg = Debug|Any CPU
		{218C9D31-D82A-424A-B2B6-B0514458A66B}.Debug|Any CPU.Build.0 = Debug|Any CPU
		{218C9D31-D82A-424A-B2B6-B0514458A66B}.Release|Any CPU.ActiveCfg = Release|Any CPU
		{218C9D31-D82A-424A-B2B6-B0514458A66B}.Release|Any CPU.Build.0 = Release|Any CPU
	EndGlobalSection
	GlobalSection(SolutionProperties) = preSolution
		HideSolutionNode = FALSE
	EndGlobalSection
EndGlobal
